
Microsoft Visual Studio Solution File, Format Version 12.00
# Visual Studio Version 16
VisualStudioVersion = 16.0.32228.547
MinimumVisualStudioVersion = 10.0.40219.1
Project("{FAE04EC0-301F-11D3-BF4B-00C04F79EFBC}") = "ClassLibrary1", "ClassLibrary1\ClassLibrary1.csproj", "{6895AC2D-CBC9-4C67-BED1-3CDFCC0A3BF7}"
EndProject
Global
	GlobalSection(SolutionConfigurationPlatforms) = preSolution
		Debug|Any CPU = Debug|Any CPU
		Release|Any CPU = Release|Any CPU
	EndGlobalSection
	GlobalSection(ProjectConfigurationPlatforms) = postSolution
		{6895AC2D-CBC9-4C67-BED1-3CDFCC0A3BF7}.Debug|Any CPU.ActiveCfg = Debug|Any CPU
		{6895AC2D-CBC9-4C67-BED1-3CDFCC0A3BF7}.Debug|Any CPU.Build.0 = Debug|Any CPU
		{6895AC2D-CBC9-4C67-BED1-3CDFCC0A3BF7}.Release|Any CPU.ActiveCfg = Release|Any CPU
		{6895AC2D-CBC9-4C67-BED1-3CDFCC0A3BF7}.Release|Any CPU.Build.0 = Release|Any CPU
	EndGlobalSection
	GlobalSection(SolutionProperties) = preSolution
		HideSolutionNode = FALSE
	EndGlobalSection
	GlobalSection(ExtensibilityGlobals) = postSolution
		SolutionGuid = {58150A2B-647A-4640-8E77-2E76F6D717EA}
	EndGlobalSection
EndGlobal
